// !$*UTF8*$!
{
	archiveVersion = 1;
	classes = {
	};
	objectVersion = 46;
	objects = {

/* Begin PBXBuildFile section */
		B1562FA81F568D81004BD9DB /* main.m in Sources */ = {isa = PBXBuildFile; fileRef = B1562FA71F568D81004BD9DB /* main.m */; };
		B1562FAB1F568D81004BD9DB /* AppDelegate.m in Sources */ = {isa = PBXBuildFile; fileRef = B1562FAA1F568D81004BD9DB /* AppDelegate.m */; };
		B1562FAE1F568D81004BD9DB /* ViewController.m in Sources */ = {isa = PBXBuildFile; fileRef = B1562FAD1F568D81004BD9DB /* ViewController.m */; };
		B1562FB11F568D81004BD9DB /* Main.storyboard in Resources */ = {isa = PBXBuildFile; fileRef = B1562FAF1F568D81004BD9DB /* Main.storyboard */; };
		B1562FB31F568D81004BD9DB /* Assets.xcassets in Resources */ = {isa = PBXBuildFile; fileRef = B1562FB21F568D81004BD9DB /* Assets.xcassets */; };
		B1562FB61F568D81004BD9DB /* LaunchScreen.storyboard in Resources */ = {isa = PBXBuildFile; fileRef = B1562FB41F568D81004BD9DB /* LaunchScreen.storyboard */; };
		B1562FC11F568D82004BD9DB /* testTests.m in Sources */ = {isa = PBXBuildFile; fileRef = B1562FC01F568D82004BD9DB /* testTests.m */; };
		B1562FCC1F568D82004BD9DB /* testUITests.m in Sources */ = {isa = PBXBuildFile; fileRef = B1562FCB1F568D82004BD9DB /* testUITests.m */; };
/* End PBXBuildFile section */

/* Begin PBXContainerItemProxy section */
		B1562FBD1F568D82004BD9DB /* PBXContainerItemProxy */ = {
			isa = PBXContainerItemProxy;
			containerPortal = B1562F9B1F568D81004BD9DB /* Project object */;
			proxyType = 1;
			remoteGlobalIDString = B1562FA21F568D81004BD9DB;
			remoteInfo = test;
		};
		B1562FC81F568D82004BD9DB /* PBXContainerItemProxy */ = {
			isa = PBXContainerItemProxy;
			containerPortal = B1562F9B1F568D81004BD9DB /* Project object */;
			proxyType = 1;
			remoteGlobalIDString = B1562FA21F568D81004BD9DB;
			remoteInfo = test;
		};
/* End PBXContainerItemProxy section */

/* Begin PBXFileReference section */
		B1562FA31F568D81004BD9DB /* test.app */ = {isa = PBXFileReference; explicitFileType = wrapper.application; includeInIndex = 0; path = test.app; sourceTree = BUILT_PRODUCTS_DIR; };
		B1562FA71F568D81004BD9DB /* main.m */ = {isa = PBXFileReference; lastKnownFileType = sourcecode.c.objc; path = main.m; sourceTree = "<group>"; };
		B1562FA91F568D81004BD9DB /* AppDelegate.h */ = {isa = PBXFileReference; lastKnownFileType = sourcecode.c.h; path = AppDelegate.h; sourceTree = "<group>"; };
		B1562FAA1F568D81004BD9DB /* AppDelegate.m */ = {isa = PBXFileReference; lastKnownFileType = sourcecode.c.objc; path = AppDelegate.m; sourceTree = "<group>"; };
		B1562FAC1F568D81004BD9DB /* ViewController.h */ = {isa = PBXFileReference; lastKnownFileType = sourcecode.c.h; path = ViewController.h; sourceTree = "<group>"; };
		B1562FAD1F568D81004BD9DB /* ViewController.m */ = {isa = PBXFileReference; lastKnownFileType = sourcecode.c.objc; path = ViewController.m; sourceTree = "<group>"; };
		B1562FB01F568D81004BD9DB /* Base */ = {isa = PBXFileReference; lastKnownFileType = file.storyboard; name = Base; path = Base.lproj/Main.storyboard; sourceTree = "<group>"; };
		B1562FB21F568D81004BD9DB /* Assets.xcassets */ = {isa = PBXFileReference; lastKnownFileType = folder.assetcatalog; path = Assets.xcassets; sourceTree = "<group>"; };
		B1562FB51F568D81004BD9DB /* Base */ = {isa = PBXFileReference; lastKnownFileType = file.storyboard; name = Base; path = Base.lproj/LaunchScreen.storyboard; sourceTree = "<group>"; };
		B1562FB71F568D81004BD9DB /* Info.plist */ = {isa = PBXFileReference; lastKnownFileType = text.plist.xml; path = Info.plist; sourceTree = "<group>"; };
		B1562FBC1F568D82004BD9DB /* testTests.xctest */ = {isa = PBXFileReference; explicitFileType = wrapper.cfbundle; includeInIndex = 0; path = testTests.xctest; sourceTree = BUILT_PRODUCTS_DIR; };
		B1562FC01F568D82004BD9DB /* testTests.m */ = {isa = PBXFileReference; lastKnownFileType = sourcecode.c.objc; path = testTests.m; sourceTree = "<group>"; };
		B1562FC21F568D82004BD9DB /* Info.plist */ = {isa = PBXFileReference; lastKnownFileType = text.plist.xml; path = Info.plist; sourceTree = "<group>"; };
		B1562FC71F568D82004BD9DB /* testUITests.xctest */ = {isa = PBXFileReference; explicitFileType = wrapper.cfbundle; includeInIndex = 0; path = testUITests.xctest; sourceTree = BUILT_PRODUCTS_DIR; };
		B1562FCB1F568D82004BD9DB /* testUITests.m */ = {isa = PBXFileReference; lastKnownFileType = sourcecode.c.objc; path = testUITests.m; sourceTree = "<group>"; };
		B1562FCD1F568D82004BD9DB /* Info.plist */ = {isa = PBXFileReference; lastKnownFileType = text.plist.xml; path = Info.plist; sourceTree = "<group>"; };
/* End PBXFileReference section */

/* Begin PBXFrameworksBuildPhase section */
		B1562FA01F568D81004BD9DB /* Frameworks */ = {
			isa = PBXFrameworksBuildPhase;
			buildActionMask = 2147483647;
			files = (
			);
			runOnlyForDeploymentPostprocessing = 0;
		};
		B1562FB91F568D82004BD9DB /* Frameworks */ = {
			isa = PBXFrameworksBuildPhase;
			buildActionMask = 2147483647;
			files = (
			);
			runOnlyForDeploymentPostprocessing = 0;
		};
		B1562FC41F568D82004BD9DB /* Frameworks */ = {
			isa = PBXFrameworksBuildPhase;
			buildActionMask = 2147483647;
			files = (
			);
			runOnlyForDeploymentPostprocessing = 0;
		};
/* End PBXFrameworksBuildPhase section */

/* Begin PBXGroup section */
		B1562F9A1F568D81004BD9DB = {
			isa = PBXGroup;
			children = (
				B1562FA51F568D81004BD9DB /* test */,
				B1562FBF1F568D82004BD9DB /* testTests */,
				B1562FCA1F568D82004BD9DB /* testUITests */,
				B1562FA41F568D81004BD9DB /* Products */,
			);
			sourceTree = "<group>";
		};
		B1562FA41F568D81004BD9DB /* Products */ = {
			isa = PBXGroup;
			children = (
				B1562FA31F568D81004BD9DB /* test.app */,
				B1562FBC1F568D82004BD9DB /* testTests.xctest */,
				B1562FC71F568D82004BD9DB /* testUITests.xctest */,
			);
			name = Products;
			sourceTree = "<group>";
		};
		B1562FA51F568D81004BD9DB /* test */ = {
			isa = PBXGroup;
			children = (
				B1562FA91F568D81004BD9DB /* AppDelegate.h */,
				B1562FAA1F568D81004BD9DB /* AppDelegate.m */,
				B1562FAC1F568D81004BD9DB /* ViewController.h */,
				B1562FAD1F568D81004BD9DB /* ViewController.m */,
				B1562FAF1F568D81004BD9DB /* Main.storyboard */,
				B1562FB21F568D81004BD9DB /* Assets.xcassets */,
				B1562FB41F568D81004BD9DB /* LaunchScreen.storyboard */,
				B1562FB71F568D81004BD9DB /* Info.plist */,
				B1562FA61F568D81004BD9DB /* Supporting Files */,
			);
			path = test;
			sourceTree = "<group>";
		};
		B1562FA61F568D81004BD9DB /* Supporting Files */ = {
			isa = PBXGroup;
			children = (
				B1562FA71F568D81004BD9DB /* main.m */,
			);
			name = "Supporting Files";
			sourceTree = "<group>";
		};
		B1562FBF1F568D82004BD9DB /* testTests */ = {
			isa = PBXGroup;
			children = (
				B1562FC01F568D82004BD9DB /* testTests.m */,
				B1562FC21F568D82004BD9DB /* Info.plist */,
			);
			path = testTests;
			sourceTree = "<group>";
		};
		B1562FCA1F568D82004BD9DB /* testUITests */ = {
			isa = PBXGroup;
			children = (
				B1562FCB1F568D82004BD9DB /* testUITests.m */,
				B1562FCD1F568D82004BD9DB /* Info.plist */,
			);
			path = testUITests;
			sourceTree = "<group>";
		};
/* End PBXGroup section */

/* Begin PBXNativeTarget section */
		B1562FA21F568D81004BD9DB /* test */ = {
			isa = PBXNativeTarget;
			buildConfigurationList = B1562FD01F568D82004BD9DB /* Build configuration list for PBXNativeTarget "test" */;
			buildPhases = (
				B1562F9F1F568D81004BD9DB /* Sources */,
				B1562FA01F568D81004BD9DB /* Frameworks */,
				B1562FA11F568D81004BD9DB /* Resources */,
			);
			buildRules = (
			);
			dependencies = (
			);
			name = test;
			productName = test;
			productReference = B1562FA31F568D81004BD9DB /* test.app */;
			productType = "com.apple.product-type.application";
		};
		B1562FBB1F568D82004BD9DB /* testTests */ = {
			isa = PBXNativeTarget;
			buildConfigurationList = B1562FD31F568D82004BD9DB /* Build configuration list for PBXNativeTarget "testTests" */;
			buildPhases = (
				B1562FB81F568D82004BD9DB /* Sources */,
				B1562FB91F568D82004BD9DB /* Frameworks */,
				B1562FBA1F568D82004BD9DB /* Resources */,
			);
			buildRules = (
			);
			dependencies = (
				B1562FBE1F568D82004BD9DB /* PBXTargetDependency */,
			);
			name = testTests;
			productName = testTests;
			productReference = B1562FBC1F568D82004BD9DB /* testTests.xctest */;
			productType = "com.apple.product-type.bundle.unit-test";
		};
		B1562FC61F568D82004BD9DB /* testUITests */ = {
			isa = PBXNativeTarget;
			buildConfigurationList = B1562FD61F568D82004BD9DB /* Build configuration list for PBXNativeTarget "testUITests" */;
			buildPhases = (
				B1562FC31F568D82004BD9DB /* Sources */,
				B1562FC41F568D82004BD9DB /* Frameworks */,
				B1562FC51F568D82004BD9DB /* Resources */,
			);
			buildRules = (
			);
			dependencies = (
				B1562FC91F568D82004BD9DB /* PBXTargetDependency */,
			);
			name = testUITests;
			productName = testUITests;
			productReference = B1562FC71F568D82004BD9DB /* testUITests.xctest */;
			productType = "com.apple.product-type.bundle.ui-testing";
		};
/* End PBXNativeTarget section */

/* Begin PBXProject section */
		B1562F9B1F568D81004BD9DB /* Project object */ = {
			isa = PBXProject;
			attributes = {
				LastUpgradeCheck = 0830;
				ORGANIZATIONNAME = "李勇";
				TargetAttributes = {
					B1562FA21F568D81004BD9DB = {
						CreatedOnToolsVersion = 8.3.3;
						ProvisioningStyle = Automatic;
					};
					B1562FBB1F568D82004BD9DB = {
						CreatedOnToolsVersion = 8.3.3;
						ProvisioningStyle = Automatic;
						TestTargetID = B1562FA21F568D81004BD9DB;
					};
					B1562FC61F568D82004BD9DB = {
						CreatedOnToolsVersion = 8.3.3;
						ProvisioningStyle = Automatic;
						TestTargetID = B1562FA21F568D81004BD9DB;
					};
				};
			};
			buildConfigurationList = B1562F9E1F568D81004BD9DB /* Build configuration list for PBXProject "test" */;
			compatibilityVersion = "Xcode 3.2";
			developmentRegion = English;
			hasScannedForEncodings = 0;
			knownRegions = (
				en,
				Base,
			);
			mainGroup = B1562F9A1F568D81004BD9DB;
			productRefGroup = B1562FA41F568D81004BD9DB /* Products */;
			projectDirPath = "";
			projectRoot = "";
			targets = (
				B1562FA21F568D81004BD9DB /* test */,
				B1562FBB1F568D82004BD9DB /* testTests */,
				B1562FC61F568D82004BD9DB /* testUITests */,
			);
		};
/* End PBXProject section */

/* Begin PBXResourcesBuildPhase section */
		B1562FA11F568D81004BD9DB /* Resources */ = {
			isa = PBXResourcesBuildPhase;
			buildActionMask = 2147483647;
			files = (
				B1562FB61F568D81004BD9DB /* LaunchScreen.storyboard in Resources */,
				B1562FB31F568D81004BD9DB /* Assets.xcassets in Resources */,
				B1562FB11F568D81004BD9DB /* Main.storyboard in Resources */,
			);
			runOnlyForDeploymentPostprocessing = 0;
		};
		B1562FBA1F568D82004BD9DB /* Resources */ = {
			isa = PBXResourcesBuildPhase;
			buildActionMask = 2147483647;
			files = (
			);
			runOnlyForDeploymentPostprocessing = 0;
		};
		B1562FC51F568D82004BD9DB /* Resources */ = {
			isa = PBXResourcesBuildPhase;
			buildActionMask = 2147483647;
			files = (
			);
			runOnlyForDeploymentPostprocessing = 0;
		};
/* End PBXResourcesBuildPhase section */

/* Begin PBXSourcesBuildPhase section */
		B1562F9F1F568D81004BD9DB /* Sources */ = {
			isa = PBXSourcesBuildPhase;
			buildActionMask = 2147483647;
			files = (
				B1562FAE1F568D81004BD9DB /* ViewController.m in Sources */,
				B1562FAB1F568D81004BD9DB /* AppDelegate.m in Sources */,
				B1562FA81F568D81004BD9DB /* main.m in Sources */,
			);
			runOnlyForDeploymentPostprocessing = 0;
		};
		B1562FB81F568D82004BD9DB /* Sources */ = {
			isa = PBXSourcesBuildPhase;
			buildActionMask = 2147483647;
			files = (
				B1562FC11F568D82004BD9DB /* testTests.m in Sources */,
			);
			runOnlyForDeploymentPostprocessing = 0;
		};
		B1562FC31F568D82004BD9DB /* Sources */ = {
			isa = PBXSourcesBuildPhase;
			buildActionMask = 2147483647;
			files = (
				B1562FCC1F568D82004BD9DB /* testUITests.m in Sources */,
			);
			runOnlyForDeploymentPostprocessing = 0;
		};
/* End PBXSourcesBuildPhase section */

/* Begin PBXTargetDependency section */
		B1562FBE1F568D82004BD9DB /* PBXTargetDependency */ = {
			isa = PBXTargetDependency;
			target = B1562FA21F568D81004BD9DB /* test */;
			targetProxy = B1562FBD1F568D82004BD9DB /* PBXContainerItemProxy */;
		};
		B1562FC91F568D82004BD9DB /* PBXTargetDependency */ = {
			isa = PBXTargetDependency;
			target = B1562FA21F568D81004BD9DB /* test */;
			targetProxy = B1562FC81F568D82004BD9DB /* PBXContainerItemProxy */;
		};
/* End PBXTargetDependency section */

/* Begin PBXVariantGroup section */
		B1562FAF1F568D81004BD9DB /* Main.storyboard */ = {
			isa = PBXVariantGroup;
			children = (
				B1562FB01F568D81004BD9DB /* Base */,
			);
			name = Main.storyboard;
			sourceTree = "<group>";
		};
		B1562FB41F568D81004BD9DB /* LaunchScreen.storyboard */ = {
			isa = PBXVariantGroup;
			children = (
				B1562FB51F568D81004BD9DB /* Base */,
			);
			name = LaunchScreen.storyboard;
			sourceTree = "<group>";
		};
/* End PBXVariantGroup section */

/* Begin XCBuildConfiguration section */
		B1562FCE1F568D82004BD9DB /* Debug */ = {
			isa = XCBuildConfiguration;
			buildSettings = {
				ALWAYS_SEARCH_USER_PATHS = NO;
				CLANG_ANALYZER_NONNULL = YES;
				CLANG_ANALYZER_NUMBER_OBJECT_CONVERSION = YES_AGGRESSIVE;
				CLANG_CXX_LANGUAGE_STANDARD = "gnu++0x";
				CLANG_CXX_LIBRARY = "libc++";
				CLANG_ENABLE_MODULES = YES;
				CLANG_ENABLE_OBJC_ARC = YES;
				CLANG_WARN_BOOL_CONVERSION = YES;
				CLANG_WARN_CONSTANT_CONVERSION = YES;
				CLANG_WARN_DIRECT_OBJC_ISA_USAGE = YES_ERROR;
				CLANG_WARN_DOCUMENTATION_COMMENTS = YES;
				CLANG_WARN_EMPTY_BODY = YES;
				CLANG_WARN_ENUM_CONVERSION = YES;
				CLANG_WARN_INFINITE_RECURSION = YES;
				CLANG_WARN_INT_CONVERSION = YES;
				CLANG_WARN_OBJC_ROOT_CLASS = YES_ERROR;
				CLANG_WARN_SUSPICIOUS_MOVE = YES;
				CLANG_WARN_UNREACHABLE_CODE = YES;
				CLANG_WARN__DUPLICATE_METHOD_MATCH = YES;
				"CODE_SIGN_IDENTITY[sdk=iphoneos*]" = "iPhone Developer";
				COPY_PHASE_STRIP = NO;
				DEBUG_INFORMATION_FORMAT = dwarf;
				ENABLE_STRICT_OBJC_MSGSEND = YES;
				ENABLE_TESTABILITY = YES;
				GCC_C_LANGUAGE_STANDARD = gnu99;
				GCC_DYNAMIC_NO_PIC = NO;
				GCC_NO_COMMON_BLOCKS = YES;
				GCC_OPTIMIZATION_LEVEL = 0;
				GCC_PREPROCESSOR_DEFINITIONS = (
					"DEBUG=1",
					"$(inherited)",
				);
				GCC_WARN_64_TO_32_BIT_CONVERSION = YES;
				GCC_WARN_ABOUT_RETURN_TYPE = YES_ERROR;
				GCC_WARN_UNDECLARED_SELECTOR = YES;
				GCC_WARN_UNINITIALIZED_AUTOS = YES_AGGRESSIVE;
				GCC_WARN_UNUSED_FUNCTION = YES;
				GCC_WARN_UNUSED_VARIABLE = YES;
				IPHONEOS_DEPLOYMENT_TARGET = 10.3;
				MTL_ENABLE_DEBUG_INFO = YES;
				ONLY_ACTIVE_ARCH = YES;
				SDKROOT = iphoneos;
			};
			name = Debug;
		};
		B1562FCF1F568D82004BD9DB /* Release */ = {
			isa = XCBuildConfiguration;
			buildSettings = {
				ALWAYS_SEARCH_USER_PATHS = NO;
				CLANG_ANALYZER_NONNULL = YES;
				CLANG_ANALYZER_NUMBER_OBJECT_CONVERSION = YES_AGGRESSIVE;
				CLANG_CXX_LANGUAGE_STANDARD = "gnu++0x";
				CLANG_CXX_LIBRARY = "libc++";
				CLANG_ENABLE_MODULES = YES;
				CLANG_ENABLE_OBJC_ARC = YES;
				CLANG_WARN_BOOL_CONVERSION = YES;
				CLANG_WARN_CONSTANT_CONVERSION = YES;
				CLANG_WARN_DIRECT_OBJC_ISA_USAGE = YES_ERROR;
				CLANG_WARN_DOCUMENTATION_COMMENTS = YES;
				CLANG_WARN_EMPTY_BODY = YES;
				CLANG_WARN_ENUM_CONVERSION = YES;
				CLANG_WARN_INFINITE_RECURSION = YES;
				CLANG_WARN_INT_CONVERSION = YES;
				CLANG_WARN_OBJC_ROOT_CLASS = YES_ERROR;
				CLANG_WARN_SUSPICIOUS_MOVE = YES;
				CLANG_WARN_UNREACHABLE_CODE = YES;
				CLANG_WARN__DUPLICATE_METHOD_MATCH = YES;
				"CODE_SIGN_IDENTITY[sdk=iphoneos*]" = "iPhone Developer";
				COPY_PHASE_STRIP = NO;
				DEBUG_INFORMATION_FORMAT = "dwarf-with-dsym";
				ENABLE_NS_ASSERTIONS = NO;
				ENABLE_STRICT_OBJC_MSGSEND = YES;
				GCC_C_LANGUAGE_STANDARD = gnu99;
				GCC_NO_COMMON_BLOCKS = YES;
				GCC_WARN_64_TO_32_BIT_CONVERSION = YES;
				GCC_WARN_ABOUT_RETURN_TYPE = YES_ERROR;
				GCC_WARN_UNDECLARED_SELECTOR = YES;
				GCC_WARN_UNINITIALIZED_AUTOS = YES_AGGRESSIVE;
				GCC_WARN_UNUSED_FUNCTION = YES;
				GCC_WARN_UNUSED_VARIABLE = YES;
				IPHONEOS_DEPLOYMENT_TARGET = 10.3;
				MTL_ENABLE_DEBUG_INFO = NO;
				SDKROOT = iphoneos;
				VALIDATE_PRODUCT = YES;
			};
			name = Release;
		};
		B1562FD11F568D82004BD9DB /* Debug */ = {
			isa = XCBuildConfiguration;
			buildSettings = {
				ASSETCATALOG_COMPILER_APPICON_NAME = AppIcon;
				INFOPLIST_FILE = test/Info.plist;
				LD_RUNPATH_SEARCH_PATHS = "$(inherited) @executable_path/Frameworks";
				PRODUCT_BUNDLE_IDENTIFIER = com.ly.test;
				PRODUCT_NAME = "$(TARGET_NAME)";
			};
			name = Debug;
		};
		B1562FD21F568D82004BD9DB /* Release */ = {
			isa = XCBuildConfiguration;
			buildSettings = {
				ASSETCATALOG_COMPILER_APPICON_NAME = AppIcon;
				INFOPLIST_FILE = test/Info.plist;
				LD_RUNPATH_SEARCH_PATHS = "$(inherited) @executable_path/Frameworks";
				PRODUCT_BUNDLE_IDENTIFIER = com.ly.test;
				PRODUCT_NAME = "$(TARGET_NAME)";
			};
			name = Release;
		};
		B1562FD41F568D82004BD9DB /* Debug */ = {
			isa = XCBuildConfiguration;
			buildSettings = {
				BUNDLE_LOADER = "$(TEST_HOST)";
				INFOPLIST_FILE = testTests/Info.plist;
				LD_RUNPATH_SEARCH_PATHS = "$(inherited) @executable_path/Frameworks @loader_path/Frameworks";
				PRODUCT_BUNDLE_IDENTIFIER = com.ly.testTests;
				PRODUCT_NAME = "$(TARGET_NAME)";
				TEST_HOST = "$(BUILT_PRODUCTS_DIR)/test.app/test";
			};
			name = Debug;
		};
		B1562FD51F568D82004BD9DB /* Release */ = {
			isa = XCBuildConfiguration;
			buildSettings = {
				BUNDLE_LOADER = "$(TEST_HOST)";
				INFOPLIST_FILE = testTests/Info.plist;
				LD_RUNPATH_SEARCH_PATHS = "$(inherited) @executable_path/Frameworks @loader_path/Frameworks";
				PRODUCT_BUNDLE_IDENTIFIER = com.ly.testTests;
				PRODUCT_NAME = "$(TARGET_NAME)";
				TEST_HOST = "$(BUILT_PRODUCTS_DIR)/test.app/test";
			};
			name = Release;
		};
		B1562FD71F568D82004BD9DB /* Debug */ = {
			isa = XCBuildConfiguration;
			buildSettings = {
				INFOPLIST_FILE = testUITests/Info.plist;
				LD_RUNPATH_SEARCH_PATHS = "$(inherited) @executable_path/Frameworks @loader_path/Frameworks";
				PRODUCT_BUNDLE_IDENTIFIER = com.ly.testUITests;
				PRODUCT_NAME = "$(TARGET_NAME)";
				TEST_TARGET_NAME = test;
			};
			name = Debug;
		};
		B1562FD81F568D82004BD9DB /* Release */ = {
			isa = XCBuildConfiguration;
			buildSettings = {
				INFOPLIST_FILE = testUITests/Info.plist;
				LD_RUNPATH_SEARCH_PATHS = "$(inherited) @executable_path/Frameworks @loader_path/Frameworks";
				PRODUCT_BUNDLE_IDENTIFIER = com.ly.testUITests;
				PRODUCT_NAME = "$(TARGET_NAME)";
				TEST_TARGET_NAME = test;
			};
			name = Release;
		};
/* End XCBuildConfiguration section */

/* Begin XCConfigurationList section */
		B1562F9E1F568D81004BD9DB /* Build configuration list for PBXProject "test" */ = {
			isa = XCConfigurationList;
			buildConfigurations = (
				B1562FCE1F568D82004BD9DB /* Debug */,
				B1562FCF1F568D82004BD9DB /* Release */,
			);
			defaultConfigurationIsVisible = 0;
			defaultConfigurationName = Release;
		};
		B1562FD01F568D82004BD9DB /* Build configuration list for PBXNativeTarget "test" */ = {
			isa = XCConfigurationList;
			buildConfigurations = (
				B1562FD11F568D82004BD9DB /* Debug */,
				B1562FD21F568D82004BD9DB /* Release */,
			);
			defaultConfigurationIsVisible = 0;
		};
		B1562FD31F568D82004BD9DB /* Build configuration list for PBXNativeTarget "testTests" */ = {
			isa = XCConfigurationList;
			buildConfigurations = (
				B1562FD41F568D82004BD9DB /* Debug */,
				B1562FD51F568D82004BD9DB /* Release */,
			);
			defaultConfigurationIsVisible = 0;
		};
		B1562FD61F568D82004BD9DB /* Build configuration list for PBXNativeTarget "testUITests" */ = {
			isa = XCConfigurationList;
			buildConfigurations = (
				B1562FD71F568D82004BD9DB /* Debug */,
				B1562FD81F568D82004BD9DB /* Release */,
			);
			defaultConfigurationIsVisible = 0;
		};
/* End XCConfigurationList section */
	};
	rootObject = B1562F9B1F568D81004BD9DB /* Project object */;
}
